
Microsoft Visual Studio Solution File, Format Version 12.00
# Visual Studio Version 17
VisualStudioVersion = 17.7.34202.233
MinimumVisualStudioVersion = 10.0.40219.1
Project("{9A19103F-16F7-4668-BE54-9A1E7A4F7556}") = "C#-Generic-Collections-Datastructure", "C#-Generic-Collections-Datastructure.csproj", "{A1702B7F-D286-48D4-B0A1-2F8ED9DEB9A8}"
EndProject
Project("{9A19103F-16F7-4668-BE54-9A1E7A4F7556}") = "C#-Generic-Collections-Datastructure.Domain", "..\C#-Generic-Collections-Datastructure.Domain\C#-Generic-Collections-Datastructure.Domain.csproj", "{25FAD0FD-C7D9-456B-ADFB-05A9CFE145AA}"
EndProject
Project("{9A19103F-16F7-4668-BE54-9A1E7A4F7556}") = "C#-Generic-Collections-Datastructure.Helpers", "..\C#-Generic-Collections-Datastructure.Helpers\C#-Generic-Collections-Datastructure.Helpers.csproj", "{5E041EF2-8324-497D-8C15-88AFFED1578B}"
EndProject
Global
	GlobalSection(SolutionConfigurationPlatforms) = preSolution
		Debug|Any CPU = Debug|Any CPU
		Release|Any CPU = Release|Any CPU
	EndGlobalSection
	GlobalSection(ProjectConfigurationPlatforms) = postSolution
		{A1702B7F-D286-48D4-B0A1-2F8ED9DEB9A8}.Debug|Any CPU.ActiveCfg = Debug|Any CPU
		{A1702B7F-D286-48D4-B0A1-2F8ED9DEB9A8}.Debug|Any CPU.Build.0 = Debug|Any CPU
		{A1702B7F-D286-48D4-B0A1-2F8ED9DEB9A8}.Release|Any CPU.ActiveCfg = Release|Any CPU
		{A1702B7F-D286-48D4-B0A1-2F8ED9DEB9A8}.Release|Any CPU.Build.0 = Release|Any CPU
		{25FAD0FD-C7D9-456B-ADFB-05A9CFE145AA}.Debug|Any CPU.ActiveCfg = Debug|Any CPU
		{25FAD0FD-C7D9-456B-ADFB-05A9CFE145AA}.Debug|Any CPU.Build.0 = Debug|Any CPU
		{25FAD0FD-C7D9-456B-ADFB-05A9CFE145AA}.Release|Any CPU.ActiveCfg = Release|Any CPU
		{25FAD0FD-C7D9-456B-ADFB-05A9CFE145AA}.Release|Any CPU.Build.0 = Release|Any CPU
		{5E041EF2-8324-497D-8C15-88AFFED1578B}.Debug|Any CPU.ActiveCfg = Debug|Any CPU
		{5E041EF2-8324-497D-8C15-88AFFED1578B}.Debug|Any CPU.Build.0 = Debug|Any CPU
		{5E041EF2-8324-497D-8C15-88AFFED1578B}.Release|Any CPU.ActiveCfg = Release|Any CPU
		{5E041EF2-8324-497D-8C15-88AFFED1578B}.Release|Any CPU.Build.0 = Release|Any CPU
	EndGlobalSection
	GlobalSection(SolutionProperties) = preSolution
		HideSolutionNode = FALSE
	EndGlobalSection
	GlobalSection(ExtensibilityGlobals) = postSolution
		SolutionGuid = {BC6DF775-01BB-419F-BC02-C0D0BB8C3E67}
	EndGlobalSection
EndGlobal
